// !$*UTF8*$!
{
	archiveVersion = 1;
	classes = {
	};
	objectVersion = 50;
	objects = {

/* Begin PBXBuildFile section */
		064B4BED22267A6100626E24 /* Main.storyboard in Resources */ = {isa = PBXBuildFile; fileRef = 064B4BEB22267A6100626E24 /* Main.storyboard */; };
		064B4BEF22267A6300626E24 /* Assets.xcassets in Resources */ = {isa = PBXBuildFile; fileRef = 064B4BEE22267A6300626E24 /* Assets.xcassets */; };
		064B4BF222267A6300626E24 /* LaunchScreen.storyboard in Resources */ = {isa = PBXBuildFile; fileRef = 064B4BF022267A6300626E24 /* LaunchScreen.storyboard */; };
		064B4BFD22267A6400626E24 /* BitTickerTests.swift in Sources */ = {isa = PBXBuildFile; fileRef = 064B4BFC22267A6400626E24 /* BitTickerTests.swift */; };
		064B4C0822267A6400626E24 /* BitTickerUITests.swift in Sources */ = {isa = PBXBuildFile; fileRef = 064B4C0722267A6400626E24 /* BitTickerUITests.swift */; };
		064B4C1B22267B5D00626E24 /* libz.tbd in Frameworks */ = {isa = PBXBuildFile; fileRef = 064B4C1A22267B5D00626E24 /* libz.tbd */; };
		06DF838322286E9F00EE5D1F /* AppDelegate.swift in Sources */ = {isa = PBXBuildFile; fileRef = 06DF838222286E9F00EE5D1F /* AppDelegate.swift */; };
		06DF838822286ECF00EE5D1F /* RegistrationViewController.swift in Sources */ = {isa = PBXBuildFile; fileRef = 06DF838522286ECF00EE5D1F /* RegistrationViewController.swift */; };
		06DF838922286ECF00EE5D1F /* ViewController.swift in Sources */ = {isa = PBXBuildFile; fileRef = 06DF838622286ECF00EE5D1F /* ViewController.swift */; };
		06DF838A22286ECF00EE5D1F /* LoginViewController.swift in Sources */ = {isa = PBXBuildFile; fileRef = 06DF838722286ECF00EE5D1F /* LoginViewController.swift */; };
		06DF838E22286EF900EE5D1F /* BitPoloniexService.swift in Sources */ = {isa = PBXBuildFile; fileRef = 06DF838C22286EF900EE5D1F /* BitPoloniexService.swift */; };
		06DF838F22286EF900EE5D1F /* WebSocket.swift in Sources */ = {isa = PBXBuildFile; fileRef = 06DF838D22286EF900EE5D1F /* WebSocket.swift */; };
		06DF839222286F1900EE5D1F /* TickerModel.swift in Sources */ = {isa = PBXBuildFile; fileRef = 06DF839122286F1900EE5D1F /* TickerModel.swift */; };
		06DF839422286FFE00EE5D1F /* TickerViewController.swift in Sources */ = {isa = PBXBuildFile; fileRef = 06DF839322286FFE00EE5D1F /* TickerViewController.swift */; };
/* End PBXBuildFile section */

/* Begin PBXContainerItemProxy section */
		064B4BF922267A6400626E24 /* PBXContainerItemProxy */ = {
			isa = PBXContainerItemProxy;
			containerPortal = 064B4BDC22267A6100626E24 /* Project object */;
			proxyType = 1;
			remoteGlobalIDString = 064B4BE322267A6100626E24;
			remoteInfo = BitTicker;
		};
		064B4C0422267A6400626E24 /* PBXContainerItemProxy */ = {
			isa = PBXContainerItemProxy;
			containerPortal = 064B4BDC22267A6100626E24 /* Project object */;
			proxyType = 1;
			remoteGlobalIDString = 064B4BE322267A6100626E24;
			remoteInfo = BitTicker;
		};
/* End PBXContainerItemProxy section */

/* Begin PBXFileReference section */
		064B4BE422267A6100626E24 /* BitTicker.app */ = {isa = PBXFileReference; explicitFileType = wrapper.application; includeInIndex = 0; path = BitTicker.app; sourceTree = BUILT_PRODUCTS_DIR; };
		064B4BEC22267A6100626E24 /* Base */ = {isa = PBXFileReference; lastKnownFileType = file.storyboard; name = Base; path = Base.lproj/Main.storyboard; sourceTree = "<group>"; };
		064B4BEE22267A6300626E24 /* Assets.xcassets */ = {isa = PBXFileReference; lastKnownFileType = folder.assetcatalog; path = Assets.xcassets; sourceTree = "<group>"; };
		064B4BF122267A6300626E24 /* Base */ = {isa = PBXFileReference; lastKnownFileType = file.storyboard; name = Base; path = Base.lproj/LaunchScreen.storyboard; sourceTree = "<group>"; };
		064B4BF322267A6300626E24 /* Info.plist */ = {isa = PBXFileReference; lastKnownFileType = text.plist.xml; path = Info.plist; sourceTree = "<group>"; };
		064B4BF822267A6400626E24 /* BitTickerTests.xctest */ = {isa = PBXFileReference; explicitFileType = wrapper.cfbundle; includeInIndex = 0; path = BitTickerTests.xctest; sourceTree = BUILT_PRODUCTS_DIR; };
		064B4BFC22267A6400626E24 /* BitTickerTests.swift */ = {isa = PBXFileReference; lastKnownFileType = sourcecode.swift; path = BitTickerTests.swift; sourceTree = "<group>"; };
		064B4BFE22267A6400626E24 /* Info.plist */ = {isa = PBXFileReference; lastKnownFileType = text.plist.xml; path = Info.plist; sourceTree = "<group>"; };
		064B4C0322267A6400626E24 /* BitTickerUITests.xctest */ = {isa = PBXFileReference; explicitFileType = wrapper.cfbundle; includeInIndex = 0; path = BitTickerUITests.xctest; sourceTree = BUILT_PRODUCTS_DIR; };
		064B4C0722267A6400626E24 /* BitTickerUITests.swift */ = {isa = PBXFileReference; lastKnownFileType = sourcecode.swift; path = BitTickerUITests.swift; sourceTree = "<group>"; };
		064B4C0922267A6400626E24 /* Info.plist */ = {isa = PBXFileReference; lastKnownFileType = text.plist.xml; path = Info.plist; sourceTree = "<group>"; };
		064B4C1A22267B5D00626E24 /* libz.tbd */ = {isa = PBXFileReference; lastKnownFileType = "sourcecode.text-based-dylib-definition"; name = libz.tbd; path = usr/lib/libz.tbd; sourceTree = SDKROOT; };
		06DF838222286E9F00EE5D1F /* AppDelegate.swift */ = {isa = PBXFileReference; fileEncoding = 4; lastKnownFileType = sourcecode.swift; path = AppDelegate.swift; sourceTree = "<group>"; };
		06DF838522286ECF00EE5D1F /* RegistrationViewController.swift */ = {isa = PBXFileReference; fileEncoding = 4; lastKnownFileType = sourcecode.swift; path = RegistrationViewController.swift; sourceTree = "<group>"; };
		06DF838622286ECF00EE5D1F /* ViewController.swift */ = {isa = PBXFileReference; fileEncoding = 4; lastKnownFileType = sourcecode.swift; path = ViewController.swift; sourceTree = "<group>"; };
		06DF838722286ECF00EE5D1F /* LoginViewController.swift */ = {isa = PBXFileReference; fileEncoding = 4; lastKnownFileType = sourcecode.swift; path = LoginViewController.swift; sourceTree = "<group>"; };
		06DF838C22286EF900EE5D1F /* BitPoloniexService.swift */ = {isa = PBXFileReference; fileEncoding = 4; lastKnownFileType = sourcecode.swift; path = BitPoloniexService.swift; sourceTree = "<group>"; };
		06DF838D22286EF900EE5D1F /* WebSocket.swift */ = {isa = PBXFileReference; fileEncoding = 4; lastKnownFileType = sourcecode.swift; path = WebSocket.swift; sourceTree = "<group>"; };
		06DF839122286F1900EE5D1F /* TickerModel.swift */ = {isa = PBXFileReference; fileEncoding = 4; lastKnownFileType = sourcecode.swift; path = TickerModel.swift; sourceTree = "<group>"; };
		06DF839322286FFE00EE5D1F /* TickerViewController.swift */ = {isa = PBXFileReference; lastKnownFileType = sourcecode.swift; path = TickerViewController.swift; sourceTree = "<group>"; };
/* End PBXFileReference section */

/* Begin PBXFrameworksBuildPhase section */
		064B4BE122267A6100626E24 /* Frameworks */ = {
			isa = PBXFrameworksBuildPhase;
			buildActionMask = 2147483647;
			files = (
				064B4C1B22267B5D00626E24 /* libz.tbd in Frameworks */,
			);
			runOnlyForDeploymentPostprocessing = 0;
		};
		064B4BF522267A6400626E24 /* Frameworks */ = {
			isa = PBXFrameworksBuildPhase;
			buildActionMask = 2147483647;
			files = (
			);
			runOnlyForDeploymentPostprocessing = 0;
		};
		064B4C0022267A6400626E24 /* Frameworks */ = {
			isa = PBXFrameworksBuildPhase;
			buildActionMask = 2147483647;
			files = (
			);
			runOnlyForDeploymentPostprocessing = 0;
		};
/* End PBXFrameworksBuildPhase section */

/* Begin PBXGroup section */
		064B4BDB22267A6100626E24 = {
			isa = PBXGroup;
			children = (
				064B4BE622267A6100626E24 /* BitTicker */,
				064B4BFB22267A6400626E24 /* BitTickerTests */,
				064B4C0622267A6400626E24 /* BitTickerUITests */,
				064B4BE522267A6100626E24 /* Products */,
				064B4C1922267B5D00626E24 /* Frameworks */,
			);
			sourceTree = "<group>";
		};
		064B4BE522267A6100626E24 /* Products */ = {
			isa = PBXGroup;
			children = (
				064B4BE422267A6100626E24 /* BitTicker.app */,
				064B4BF822267A6400626E24 /* BitTickerTests.xctest */,
				064B4C0322267A6400626E24 /* BitTickerUITests.xctest */,
			);
			name = Products;
			sourceTree = "<group>";
		};
		064B4BE622267A6100626E24 /* BitTicker */ = {
			isa = PBXGroup;
			children = (
				06DF838122286E7000EE5D1F /* AppDelegate */,
				06DF838422286EA800EE5D1F /* Controller */,
				06DF838B22286EDC00EE5D1F /* API */,
				06DF839022286F0100EE5D1F /* Model */,
				064B4BEB22267A6100626E24 /* Main.storyboard */,
				064B4BEE22267A6300626E24 /* Assets.xcassets */,
				064B4BF022267A6300626E24 /* LaunchScreen.storyboard */,
				064B4BF322267A6300626E24 /* Info.plist */,
			);
			path = BitTicker;
			sourceTree = "<group>";
		};
		064B4BFB22267A6400626E24 /* BitTickerTests */ = {
			isa = PBXGroup;
			children = (
				064B4BFC22267A6400626E24 /* BitTickerTests.swift */,
				064B4BFE22267A6400626E24 /* Info.plist */,
			);
			path = BitTickerTests;
			sourceTree = "<group>";
		};
		064B4C0622267A6400626E24 /* BitTickerUITests */ = {
			isa = PBXGroup;
			children = (
				064B4C0722267A6400626E24 /* BitTickerUITests.swift */,
				064B4C0922267A6400626E24 /* Info.plist */,
			);
			path = BitTickerUITests;
			sourceTree = "<group>";
		};
		064B4C1922267B5D00626E24 /* Frameworks */ = {
			isa = PBXGroup;
			children = (
				064B4C1A22267B5D00626E24 /* libz.tbd */,
			);
			name = Frameworks;
			sourceTree = "<group>";
		};
		06DF838122286E7000EE5D1F /* AppDelegate */ = {
			isa = PBXGroup;
			children = (
				06DF838222286E9F00EE5D1F /* AppDelegate.swift */,
			);
			path = AppDelegate;
			sourceTree = "<group>";
		};
		06DF838422286EA800EE5D1F /* Controller */ = {
			isa = PBXGroup;
			children = (
				06DF838722286ECF00EE5D1F /* LoginViewController.swift */,
				06DF838522286ECF00EE5D1F /* RegistrationViewController.swift */,
				06DF838622286ECF00EE5D1F /* ViewController.swift */,
				06DF839322286FFE00EE5D1F /* TickerViewController.swift */,
			);
			path = Controller;
			sourceTree = "<group>";
		};
		06DF838B22286EDC00EE5D1F /* API */ = {
			isa = PBXGroup;
			children = (
				06DF838C22286EF900EE5D1F /* BitPoloniexService.swift */,
				06DF838D22286EF900EE5D1F /* WebSocket.swift */,
			);
			path = API;
			sourceTree = "<group>";
		};
		06DF839022286F0100EE5D1F /* Model */ = {
			isa = PBXGroup;
			children = (
				06DF839122286F1900EE5D1F /* TickerModel.swift */,
			);
			path = Model;
			sourceTree = "<group>";
		};
/* End PBXGroup section */

/* Begin PBXNativeTarget section */
		064B4BE322267A6100626E24 /* BitTicker */ = {
			isa = PBXNativeTarget;
			buildConfigurationList = 064B4C0C22267A6400626E24 /* Build configuration list for PBXNativeTarget "BitTicker" */;
			buildPhases = (
				064B4BE022267A6100626E24 /* Sources */,
				064B4BE122267A6100626E24 /* Frameworks */,
				064B4BE222267A6100626E24 /* Resources */,
			);
			buildRules = (
			);
			dependencies = (
			);
			name = BitTicker;
			productName = BitTicker;
			productReference = 064B4BE422267A6100626E24 /* BitTicker.app */;
			productType = "com.apple.product-type.application";
		};
		064B4BF722267A6400626E24 /* BitTickerTests */ = {
			isa = PBXNativeTarget;
			buildConfigurationList = 064B4C0F22267A6400626E24 /* Build configuration list for PBXNativeTarget "BitTickerTests" */;
			buildPhases = (
				064B4BF422267A6400626E24 /* Sources */,
				064B4BF522267A6400626E24 /* Frameworks */,
				064B4BF622267A6400626E24 /* Resources */,
			);
			buildRules = (
			);
			dependencies = (
				064B4BFA22267A6400626E24 /* PBXTargetDependency */,
			);
			name = BitTickerTests;
			productName = BitTickerTests;
			productReference = 064B4BF822267A6400626E24 /* BitTickerTests.xctest */;
			productType = "com.apple.product-type.bundle.unit-test";
		};
		064B4C0222267A6400626E24 /* BitTickerUITests */ = {
			isa = PBXNativeTarget;
			buildConfigurationList = 064B4C1222267A6400626E24 /* Build configuration list for PBXNativeTarget "BitTickerUITests" */;
			buildPhases = (
				064B4BFF22267A6400626E24 /* Sources */,
				064B4C0022267A6400626E24 /* Frameworks */,
				064B4C0122267A6400626E24 /* Resources */,
			);
			buildRules = (
			);
			dependencies = (
				064B4C0522267A6400626E24 /* PBXTargetDependency */,
			);
			name = BitTickerUITests;
			productName = BitTickerUITests;
			productReference = 064B4C0322267A6400626E24 /* BitTickerUITests.xctest */;
			productType = "com.apple.product-type.bundle.ui-testing";
		};
/* End PBXNativeTarget section */

/* Begin PBXProject section */
		064B4BDC22267A6100626E24 /* Project object */ = {
			isa = PBXProject;
			attributes = {
				LastSwiftUpdateCheck = 1010;
				LastUpgradeCheck = 1010;
				ORGANIZATIONNAME = skyit;
				TargetAttributes = {
					064B4BE322267A6100626E24 = {
						CreatedOnToolsVersion = 10.1;
					};
					064B4BF722267A6400626E24 = {
						CreatedOnToolsVersion = 10.1;
						TestTargetID = 064B4BE322267A6100626E24;
					};
					064B4C0222267A6400626E24 = {
						CreatedOnToolsVersion = 10.1;
						TestTargetID = 064B4BE322267A6100626E24;
					};
				};
			};
			buildConfigurationList = 064B4BDF22267A6100626E24 /* Build configuration list for PBXProject "BitTicker" */;
			compatibilityVersion = "Xcode 9.3";
			developmentRegion = en;
			hasScannedForEncodings = 0;
			knownRegions = (
				en,
				Base,
			);
			mainGroup = 064B4BDB22267A6100626E24;
			productRefGroup = 064B4BE522267A6100626E24 /* Products */;
			projectDirPath = "";
			projectRoot = "";
			targets = (
				064B4BE322267A6100626E24 /* BitTicker */,
				064B4BF722267A6400626E24 /* BitTickerTests */,
				064B4C0222267A6400626E24 /* BitTickerUITests */,
			);
		};
/* End PBXProject section */

/* Begin PBXResourcesBuildPhase section */
		064B4BE222267A6100626E24 /* Resources */ = {
			isa = PBXResourcesBuildPhase;
			buildActionMask = 2147483647;
			files = (
				064B4BF222267A6300626E24 /* LaunchScreen.storyboard in Resources */,
				064B4BEF22267A6300626E24 /* Assets.xcassets in Resources */,
				064B4BED22267A6100626E24 /* Main.storyboard in Resources */,
			);
			runOnlyForDeploymentPostprocessing = 0;
		};
		064B4BF622267A6400626E24 /* Resources */ = {
			isa = PBXResourcesBuildPhase;
			buildActionMask = 2147483647;
			files = (
			);
			runOnlyForDeploymentPostprocessing = 0;
		};
		064B4C0122267A6400626E24 /* Resources */ = {
			isa = PBXResourcesBuildPhase;
			buildActionMask = 2147483647;
			files = (
			);
			runOnlyForDeploymentPostprocessing = 0;
		};
/* End PBXResourcesBuildPhase section */

/* Begin PBXSourcesBuildPhase section */
		064B4BE022267A6100626E24 /* Sources */ = {
			isa = PBXSourcesBuildPhase;
			buildActionMask = 2147483647;
			files = (
				06DF839222286F1900EE5D1F /* TickerModel.swift in Sources */,
				06DF838A22286ECF00EE5D1F /* LoginViewController.swift in Sources */,
				06DF838E22286EF900EE5D1F /* BitPoloniexService.swift in Sources */,
				06DF838922286ECF00EE5D1F /* ViewController.swift in Sources */,
				06DF838322286E9F00EE5D1F /* AppDelegate.swift in Sources */,
				06DF838822286ECF00EE5D1F /* RegistrationViewController.swift in Sources */,
				06DF839422286FFE00EE5D1F /* TickerViewController.swift in Sources */,
				06DF838F22286EF900EE5D1F /* WebSocket.swift in Sources */,
			);
			runOnlyForDeploymentPostprocessing = 0;
		};
		064B4BF422267A6400626E24 /* Sources */ = {
			isa = PBXSourcesBuildPhase;
			buildActionMask = 2147483647;
			files = (
				064B4BFD22267A6400626E24 /* BitTickerTests.swift in Sources */,
			);
			runOnlyForDeploymentPostprocessing = 0;
		};
		064B4BFF22267A6400626E24 /* Sources */ = {
			isa = PBXSourcesBuildPhase;
			buildActionMask = 2147483647;
			files = (
				064B4C0822267A6400626E24 /* BitTickerUITests.swift in Sources */,
			);
			runOnlyForDeploymentPostprocessing = 0;
		};
/* End PBXSourcesBuildPhase section */

/* Begin PBXTargetDependency section */
		064B4BFA22267A6400626E24 /* PBXTargetDependency */ = {
			isa = PBXTargetDependency;
			target = 064B4BE322267A6100626E24 /* BitTicker */;
			targetProxy = 064B4BF922267A6400626E24 /* PBXContainerItemProxy */;
		};
		064B4C0522267A6400626E24 /* PBXTargetDependency */ = {
			isa = PBXTargetDependency;
			target = 064B4BE322267A6100626E24 /* BitTicker */;
			targetProxy = 064B4C0422267A6400626E24 /* PBXContainerItemProxy */;
		};
/* End PBXTargetDependency section */

/* Begin PBXVariantGroup section */
		064B4BEB22267A6100626E24 /* Main.storyboard */ = {
			isa = PBXVariantGroup;
			children = (
				064B4BEC22267A6100626E24 /* Base */,
			);
			name = Main.storyboard;
			sourceTree = "<group>";
		};
		064B4BF022267A6300626E24 /* LaunchScreen.storyboard */ = {
			isa = PBXVariantGroup;
			children = (
				064B4BF122267A6300626E24 /* Base */,
			);
			name = LaunchScreen.storyboard;
			sourceTree = "<group>";
		};
/* End PBXVariantGroup section */

/* Begin XCBuildConfiguration section */
		064B4C0A22267A6400626E24 /* Debug */ = {
			isa = XCBuildConfiguration;
			buildSettings = {
				ALWAYS_SEARCH_USER_PATHS = NO;
				CLANG_ANALYZER_NONNULL = YES;
				CLANG_ANALYZER_NUMBER_OBJECT_CONVERSION = YES_AGGRESSIVE;
				CLANG_CXX_LANGUAGE_STANDARD = "gnu++14";
				CLANG_CXX_LIBRARY = "libc++";
				CLANG_ENABLE_MODULES = YES;
				CLANG_ENABLE_OBJC_ARC = YES;
				CLANG_ENABLE_OBJC_WEAK = YES;
				CLANG_WARN_BLOCK_CAPTURE_AUTORELEASING = YES;
				CLANG_WARN_BOOL_CONVERSION = YES;
				CLANG_WARN_COMMA = YES;
				CLANG_WARN_CONSTANT_CONVERSION = YES;
				CLANG_WARN_DEPRECATED_OBJC_IMPLEMENTATIONS = YES;
				CLANG_WARN_DIRECT_OBJC_ISA_USAGE = YES_ERROR;
				CLANG_WARN_DOCUMENTATION_COMMENTS = YES;
				CLANG_WARN_EMPTY_BODY = YES;
				CLANG_WARN_ENUM_CONVERSION = YES;
				CLANG_WARN_INFINITE_RECURSION = YES;
				CLANG_WARN_INT_CONVERSION = YES;
				CLANG_WARN_NON_LITERAL_NULL_CONVERSION = YES;
				CLANG_WARN_OBJC_IMPLICIT_RETAIN_SELF = YES;
				CLANG_WARN_OBJC_LITERAL_CONVERSION = YES;
				CLANG_WARN_OBJC_ROOT_CLASS = YES_ERROR;
				CLANG_WARN_RANGE_LOOP_ANALYSIS = YES;
				CLANG_WARN_STRICT_PROTOTYPES = YES;
				CLANG_WARN_SUSPICIOUS_MOVE = YES;
				CLANG_WARN_UNGUARDED_AVAILABILITY = YES_AGGRESSIVE;
				CLANG_WARN_UNREACHABLE_CODE = YES;
				CLANG_WARN__DUPLICATE_METHOD_MATCH = YES;
				CODE_SIGN_IDENTITY = "iPhone Developer";
				COPY_PHASE_STRIP = NO;
				DEBUG_INFORMATION_FORMAT = dwarf;
				ENABLE_STRICT_OBJC_MSGSEND = YES;
				ENABLE_TESTABILITY = YES;
				GCC_C_LANGUAGE_STANDARD = gnu11;
				GCC_DYNAMIC_NO_PIC = NO;
				GCC_NO_COMMON_BLOCKS = YES;
				GCC_OPTIMIZATION_LEVEL = 0;
				GCC_PREPROCESSOR_DEFINITIONS = (
					"DEBUG=1",
					"$(inherited)",
				);
				GCC_WARN_64_TO_32_BIT_CONVERSION = YES;
				GCC_WARN_ABOUT_RETURN_TYPE = YES_ERROR;
				GCC_WARN_UNDECLARED_SELECTOR = YES;
				GCC_WARN_UNINITIALIZED_AUTOS = YES_AGGRESSIVE;
				GCC_WARN_UNUSED_FUNCTION = YES;
				GCC_WARN_UNUSED_VARIABLE = YES;
				IPHONEOS_DEPLOYMENT_TARGET = 12.1;
				MTL_ENABLE_DEBUG_INFO = INCLUDE_SOURCE;
				MTL_FAST_MATH = YES;
				ONLY_ACTIVE_ARCH = YES;
				SDKROOT = iphoneos;
				SWIFT_ACTIVE_COMPILATION_CONDITIONS = DEBUG;
				SWIFT_OPTIMIZATION_LEVEL = "-Onone";
			};
			name = Debug;
		};
		064B4C0B22267A6400626E24 /* Release */ = {
			isa = XCBuildConfiguration;
			buildSettings = {
				ALWAYS_SEARCH_USER_PATHS = NO;
				CLANG_ANALYZER_NONNULL = YES;
				CLANG_ANALYZER_NUMBER_OBJECT_CONVERSION = YES_AGGRESSIVE;
				CLANG_CXX_LANGUAGE_STANDARD = "gnu++14";
				CLANG_CXX_LIBRARY = "libc++";
				CLANG_ENABLE_MODULES = YES;
				CLANG_ENABLE_OBJC_ARC = YES;
				CLANG_ENABLE_OBJC_WEAK = YES;
				CLANG_WARN_BLOCK_CAPTURE_AUTORELEASING = YES;
				CLANG_WARN_BOOL_CONVERSION = YES;
				CLANG_WARN_COMMA = YES;
				CLANG_WARN_CONSTANT_CONVERSION = YES;
				CLANG_WARN_DEPRECATED_OBJC_IMPLEMENTATIONS = YES;
				CLANG_WARN_DIRECT_OBJC_ISA_USAGE = YES_ERROR;
				CLANG_WARN_DOCUMENTATION_COMMENTS = YES;
				CLANG_WARN_EMPTY_BODY = YES;
				CLANG_WARN_ENUM_CONVERSION = YES;
				CLANG_WARN_INFINITE_RECURSION = YES;
				CLANG_WARN_INT_CONVERSION = YES;
				CLANG_WARN_NON_LITERAL_NULL_CONVERSION = YES;
				CLANG_WARN_OBJC_IMPLICIT_RETAIN_SELF = YES;
				CLANG_WARN_OBJC_LITERAL_CONVERSION = YES;
				CLANG_WARN_OBJC_ROOT_CLASS = YES_ERROR;
				CLANG_WARN_RANGE_LOOP_ANALYSIS = YES;
				CLANG_WARN_STRICT_PROTOTYPES = YES;
				CLANG_WARN_SUSPICIOUS_MOVE = YES;
				CLANG_WARN_UNGUARDED_AVAILABILITY = YES_AGGRESSIVE;
				CLANG_WARN_UNREACHABLE_CODE = YES;
				CLANG_WARN__DUPLICATE_METHOD_MATCH = YES;
				CODE_SIGN_IDENTITY = "iPhone Developer";
				COPY_PHASE_STRIP = NO;
				DEBUG_INFORMATION_FORMAT = "dwarf-with-dsym";
				ENABLE_NS_ASSERTIONS = NO;
				ENABLE_STRICT_OBJC_MSGSEND = YES;
				GCC_C_LANGUAGE_STANDARD = gnu11;
				GCC_NO_COMMON_BLOCKS = YES;
				GCC_WARN_64_TO_32_BIT_CONVERSION = YES;
				GCC_WARN_ABOUT_RETURN_TYPE = YES_ERROR;
				GCC_WARN_UNDECLARED_SELECTOR = YES;
				GCC_WARN_UNINITIALIZED_AUTOS = YES_AGGRESSIVE;
				GCC_WARN_UNUSED_FUNCTION = YES;
				GCC_WARN_UNUSED_VARIABLE = YES;
				IPHONEOS_DEPLOYMENT_TARGET = 12.1;
				MTL_ENABLE_DEBUG_INFO = NO;
				MTL_FAST_MATH = YES;
				SDKROOT = iphoneos;
				SWIFT_COMPILATION_MODE = wholemodule;
				SWIFT_OPTIMIZATION_LEVEL = "-O";
				VALIDATE_PRODUCT = YES;
			};
			name = Release;
		};
		064B4C0D22267A6400626E24 /* Debug */ = {
			isa = XCBuildConfiguration;
			buildSettings = {
				ASSETCATALOG_COMPILER_APPICON_NAME = AppIcon;
				CODE_SIGN_STYLE = Automatic;
				INFOPLIST_FILE = BitTicker/Info.plist;
				LD_RUNPATH_SEARCH_PATHS = (
					"$(inherited)",
					"@executable_path/Frameworks",
				);
				PRODUCT_BUNDLE_IDENTIFIER = com.bitticker.BitTicker;
				PRODUCT_NAME = "$(TARGET_NAME)";
				SWIFT_VERSION = 4.2;
				TARGETED_DEVICE_FAMILY = "1,2";
			};
			name = Debug;
		};
		064B4C0E22267A6400626E24 /* Release */ = {
			isa = XCBuildConfiguration;
			buildSettings = {
				ASSETCATALOG_COMPILER_APPICON_NAME = AppIcon;
				CODE_SIGN_STYLE = Automatic;
				INFOPLIST_FILE = BitTicker/Info.plist;
				LD_RUNPATH_SEARCH_PATHS = (
					"$(inherited)",
					"@executable_path/Frameworks",
				);
				PRODUCT_BUNDLE_IDENTIFIER = com.bitticker.BitTicker;
				PRODUCT_NAME = "$(TARGET_NAME)";
				SWIFT_VERSION = 4.2;
				TARGETED_DEVICE_FAMILY = "1,2";
			};
			name = Release;
		};
		064B4C1022267A6400626E24 /* Debug */ = {
			isa = XCBuildConfiguration;
			buildSettings = {
				ALWAYS_EMBED_SWIFT_STANDARD_LIBRARIES = YES;
				BUNDLE_LOADER = "$(TEST_HOST)";
				CODE_SIGN_STYLE = Automatic;
				INFOPLIST_FILE = BitTickerTests/Info.plist;
				LD_RUNPATH_SEARCH_PATHS = (
					"$(inherited)",
					"@executable_path/Frameworks",
					"@loader_path/Frameworks",
				);
				PRODUCT_BUNDLE_IDENTIFIER = com.bitticker.BitTickerTests;
				PRODUCT_NAME = "$(TARGET_NAME)";
				SWIFT_VERSION = 4.2;
				TARGETED_DEVICE_FAMILY = "1,2";
				TEST_HOST = "$(BUILT_PRODUCTS_DIR)/BitTicker.app/BitTicker";
			};
			name = Debug;
		};
		064B4C1122267A6400626E24 /* Release */ = {
			isa = XCBuildConfiguration;
			buildSettings = {
				ALWAYS_EMBED_SWIFT_STANDARD_LIBRARIES = YES;
				BUNDLE_LOADER = "$(TEST_HOST)";
				CODE_SIGN_STYLE = Automatic;
				INFOPLIST_FILE = BitTickerTests/Info.plist;
				LD_RUNPATH_SEARCH_PATHS = (
					"$(inherited)",
					"@executable_path/Frameworks",
					"@loader_path/Frameworks",
				);
				PRODUCT_BUNDLE_IDENTIFIER = com.bitticker.BitTickerTests;
				PRODUCT_NAME = "$(TARGET_NAME)";
				SWIFT_VERSION = 4.2;
				TARGETED_DEVICE_FAMILY = "1,2";
				TEST_HOST = "$(BUILT_PRODUCTS_DIR)/BitTicker.app/BitTicker";
			};
			name = Release;
		};
		064B4C1322267A6400626E24 /* Debug */ = {
			isa = XCBuildConfiguration;
			buildSettings = {
				ALWAYS_EMBED_SWIFT_STANDARD_LIBRARIES = YES;
				CODE_SIGN_STYLE = Automatic;
				INFOPLIST_FILE = BitTickerUITests/Info.plist;
				LD_RUNPATH_SEARCH_PATHS = (
					"$(inherited)",
					"@executable_path/Frameworks",
					"@loader_path/Frameworks",
				);
				PRODUCT_BUNDLE_IDENTIFIER = com.bitticker.BitTickerUITests;
				PRODUCT_NAME = "$(TARGET_NAME)";
				SWIFT_VERSION = 4.2;
				TARGETED_DEVICE_FAMILY = "1,2";
				TEST_TARGET_NAME = BitTicker;
			};
			name = Debug;
		};
		064B4C1422267A6400626E24 /* Release */ = {
			isa = XCBuildConfiguration;
			buildSettings = {
				ALWAYS_EMBED_SWIFT_STANDARD_LIBRARIES = YES;
				CODE_SIGN_STYLE = Automatic;
				INFOPLIST_FILE = BitTickerUITests/Info.plist;
				LD_RUNPATH_SEARCH_PATHS = (
					"$(inherited)",
					"@executable_path/Frameworks",
					"@loader_path/Frameworks",
				);
				PRODUCT_BUNDLE_IDENTIFIER = com.bitticker.BitTickerUITests;
				PRODUCT_NAME = "$(TARGET_NAME)";
				SWIFT_VERSION = 4.2;
				TARGETED_DEVICE_FAMILY = "1,2";
				TEST_TARGET_NAME = BitTicker;
			};
			name = Release;
		};
/* End XCBuildConfiguration section */

/* Begin XCConfigurationList section */
		064B4BDF22267A6100626E24 /* Build configuration list for PBXProject "BitTicker" */ = {
			isa = XCConfigurationList;
			buildConfigurations = (
				064B4C0A22267A6400626E24 /* Debug */,
				064B4C0B22267A6400626E24 /* Release */,
			);
			defaultConfigurationIsVisible = 0;
			defaultConfigurationName = Release;
		};
		064B4C0C22267A6400626E24 /* Build configuration list for PBXNativeTarget "BitTicker" */ = {
			isa = XCConfigurationList;
			buildConfigurations = (
				064B4C0D22267A6400626E24 /* Debug */,
				064B4C0E22267A6400626E24 /* Release */,
			);
			defaultConfigurationIsVisible = 0;
			defaultConfigurationName = Release;
		};
		064B4C0F22267A6400626E24 /* Build configuration list for PBXNativeTarget "BitTickerTests" */ = {
			isa = XCConfigurationList;
			buildConfigurations = (
				064B4C1022267A6400626E24 /* Debug */,
				064B4C1122267A6400626E24 /* Release */,
			);
			defaultConfigurationIsVisible = 0;
			defaultConfigurationName = Release;
		};
		064B4C1222267A6400626E24 /* Build configuration list for PBXNativeTarget "BitTickerUITests" */ = {
			isa = XCConfigurationList;
			buildConfigurations = (
				064B4C1322267A6400626E24 /* Debug */,
				064B4C1422267A6400626E24 /* Release */,
			);
			defaultConfigurationIsVisible = 0;
			defaultConfigurationName = Release;
		};
/* End XCConfigurationList section */
	};
	rootObject = 064B4BDC22267A6100626E24 /* Project object */;
}
